
Microsoft Visual Studio Solution File, Format Version 12.00
# Visual Studio 15
VisualStudioVersion = 15.0.27703.2026
MinimumVisualStudioVersion = 10.0.40219.1
Project("{FAE04EC0-301F-11D3-BF4B-00C04F79EFBC}") = "01. Tailoring Workshop", "01. Tailoring Workshop\01. Tailoring Workshop.csproj", "{D7EB8CEE-F8AF-4BC6-85A4-8659E0727196}"
EndProject
Project("{FAE04EC0-301F-11D3-BF4B-00C04F79EFBC}") = "02. Scholarship", "02. Scholarship\02. Scholarship.csproj", "{B8E8578F-AF2C-413B-9F17-E02CC9603FD8}"
EndProject
Project("{FAE04EC0-301F-11D3-BF4B-00C04F79EFBC}") = "03. Photo Pictures", "03. Photo Pictures\03. Photo Pictures.csproj", "{E6CB128A-00EB-43F6-8DA4-CCFC09BCE228}"
EndProject
Project("{FAE04EC0-301F-11D3-BF4B-00C04F79EFBC}") = "04. Cake", "04. Cake\04. Cake.csproj", "{27D1C0E3-FD17-45D7-89BF-BA5C1E9686BE}"
EndProject
Project("{FAE04EC0-301F-11D3-BF4B-00C04F79EFBC}") = "05. Snowflake", "05. Snowflake\05. Snowflake.csproj", "{8697FC72-7285-4546-AAEC-855EACA07A9C}"
EndProject
Global
	GlobalSection(SolutionConfigurationPlatforms) = preSolution
		Debug|Any CPU = Debug|Any CPU
		Release|Any CPU = Release|Any CPU
	EndGlobalSection
	GlobalSection(ProjectConfigurationPlatforms) = postSolution
		{D7EB8CEE-F8AF-4BC6-85A4-8659E0727196}.Debug|Any CPU.ActiveCfg = Debug|Any CPU
		{D7EB8CEE-F8AF-4BC6-85A4-8659E0727196}.Debug|Any CPU.Build.0 = Debug|Any CPU
		{D7EB8CEE-F8AF-4BC6-85A4-8659E0727196}.Release|Any CPU.ActiveCfg = Release|Any CPU
		{D7EB8CEE-F8AF-4BC6-85A4-8659E0727196}.Release|Any CPU.Build.0 = Release|Any CPU
		{B8E8578F-AF2C-413B-9F17-E02CC9603FD8}.Debug|Any CPU.ActiveCfg = Debug|Any CPU
		{B8E8578F-AF2C-413B-9F17-E02CC9603FD8}.Debug|Any CPU.Build.0 = Debug|Any CPU
		{B8E8578F-AF2C-413B-9F17-E02CC9603FD8}.Release|Any CPU.ActiveCfg = Release|Any CPU
		{B8E8578F-AF2C-413B-9F17-E02CC9603FD8}.Release|Any CPU.Build.0 = Release|Any CPU
		{E6CB128A-00EB-43F6-8DA4-CCFC09BCE228}.Debug|Any CPU.ActiveCfg = Debug|Any CPU
		{E6CB128A-00EB-43F6-8DA4-CCFC09BCE228}.Debug|Any CPU.Build.0 = Debug|Any CPU
		{E6CB128A-00EB-43F6-8DA4-CCFC09BCE228}.Release|Any CPU.ActiveCfg = Release|Any CPU
		{E6CB128A-00EB-43F6-8DA4-CCFC09BCE228}.Release|Any CPU.Build.0 = Release|Any CPU
		{27D1C0E3-FD17-45D7-89BF-BA5C1E9686BE}.Debug|Any CPU.ActiveCfg = Debug|Any CPU
		{27D1C0E3-FD17-45D7-89BF-BA5C1E9686BE}.Debug|Any CPU.Build.0 = Debug|Any CPU
		{27D1C0E3-FD17-45D7-89BF-BA5C1E9686BE}.Release|Any CPU.ActiveCfg = Release|Any CPU
		{27D1C0E3-FD17-45D7-89BF-BA5C1E9686BE}.Release|Any CPU.Build.0 = Release|Any CPU
		{8697FC72-7285-4546-AAEC-855EACA07A9C}.Debug|Any CPU.ActiveCfg = Debug|Any CPU
		{8697FC72-7285-4546-AAEC-855EACA07A9C}.Debug|Any CPU.Build.0 = Debug|Any CPU
		{8697FC72-7285-4546-AAEC-855EACA07A9C}.Release|Any CPU.ActiveCfg = Release|Any CPU
		{8697FC72-7285-4546-AAEC-855EACA07A9C}.Release|Any CPU.Build.0 = Release|Any CPU
	EndGlobalSection
	GlobalSection(SolutionProperties) = preSolution
		HideSolutionNode = FALSE
	EndGlobalSection
	GlobalSection(ExtensibilityGlobals) = postSolution
		SolutionGuid = {B90E4775-0CE8-498D-8930-278C08F34B08}
	EndGlobalSection
EndGlobal
