
Microsoft Visual Studio Solution File, Format Version 12.00
# Visual Studio 15
VisualStudioVersion = 15.0.27428.2005
MinimumVisualStudioVersion = 10.0.40219.1
Project("{FAE04EC0-301F-11D3-BF4B-00C04F79EFBC}") = "01.Donate", "ConsoleApp1\01.Donate.csproj", "{F08EAFB8-6BB2-4B15-A77E-8DAA854CDB5C}"
EndProject
Project("{FAE04EC0-301F-11D3-BF4B-00C04F79EFBC}") = "03.Fruit coktails", "03.Fruit coktails\03.Fruit coktails.csproj", "{0183DB06-395D-433F-B995-9E0AA7CAA299}"
EndProject
Project("{FAE04EC0-301F-11D3-BF4B-00C04F79EFBC}") = "02.WordSwimRecord", "02.WordSwimRecord\02.WordSwimRecord.csproj", "{22369026-6D0F-48D6-9275-E9D1DC313435}"
EndProject
Project("{FAE04EC0-301F-11D3-BF4B-00C04F79EFBC}") = "04.MoneyPrise", "04.MoneyPrise\04.MoneyPrise.csproj", "{6713EDDA-B0E5-4C9C-BA9A-053415733B49}"
EndProject
Project("{FAE04EC0-301F-11D3-BF4B-00C04F79EFBC}") = "05.Triangle", "05.Triangle\05.Triangle.csproj", "{C1510061-9060-4791-81E4-A9B145E5BA7F}"
EndProject
Global
	GlobalSection(SolutionConfigurationPlatforms) = preSolution
		Debug|Any CPU = Debug|Any CPU
		Release|Any CPU = Release|Any CPU
	EndGlobalSection
	GlobalSection(ProjectConfigurationPlatforms) = postSolution
		{F08EAFB8-6BB2-4B15-A77E-8DAA854CDB5C}.Debug|Any CPU.ActiveCfg = Debug|Any CPU
		{F08EAFB8-6BB2-4B15-A77E-8DAA854CDB5C}.Debug|Any CPU.Build.0 = Debug|Any CPU
		{F08EAFB8-6BB2-4B15-A77E-8DAA854CDB5C}.Release|Any CPU.ActiveCfg = Release|Any CPU
		{F08EAFB8-6BB2-4B15-A77E-8DAA854CDB5C}.Release|Any CPU.Build.0 = Release|Any CPU
		{0183DB06-395D-433F-B995-9E0AA7CAA299}.Debug|Any CPU.ActiveCfg = Debug|Any CPU
		{0183DB06-395D-433F-B995-9E0AA7CAA299}.Debug|Any CPU.Build.0 = Debug|Any CPU
		{0183DB06-395D-433F-B995-9E0AA7CAA299}.Release|Any CPU.ActiveCfg = Release|Any CPU
		{0183DB06-395D-433F-B995-9E0AA7CAA299}.Release|Any CPU.Build.0 = Release|Any CPU
		{22369026-6D0F-48D6-9275-E9D1DC313435}.Debug|Any CPU.ActiveCfg = Debug|Any CPU
		{22369026-6D0F-48D6-9275-E9D1DC313435}.Debug|Any CPU.Build.0 = Debug|Any CPU
		{22369026-6D0F-48D6-9275-E9D1DC313435}.Release|Any CPU.ActiveCfg = Release|Any CPU
		{22369026-6D0F-48D6-9275-E9D1DC313435}.Release|Any CPU.Build.0 = Release|Any CPU
		{6713EDDA-B0E5-4C9C-BA9A-053415733B49}.Debug|Any CPU.ActiveCfg = Debug|Any CPU
		{6713EDDA-B0E5-4C9C-BA9A-053415733B49}.Debug|Any CPU.Build.0 = Debug|Any CPU
		{6713EDDA-B0E5-4C9C-BA9A-053415733B49}.Release|Any CPU.ActiveCfg = Release|Any CPU
		{6713EDDA-B0E5-4C9C-BA9A-053415733B49}.Release|Any CPU.Build.0 = Release|Any CPU
		{C1510061-9060-4791-81E4-A9B145E5BA7F}.Debug|Any CPU.ActiveCfg = Debug|Any CPU
		{C1510061-9060-4791-81E4-A9B145E5BA7F}.Debug|Any CPU.Build.0 = Debug|Any CPU
		{C1510061-9060-4791-81E4-A9B145E5BA7F}.Release|Any CPU.ActiveCfg = Release|Any CPU
		{C1510061-9060-4791-81E4-A9B145E5BA7F}.Release|Any CPU.Build.0 = Release|Any CPU
	EndGlobalSection
	GlobalSection(SolutionProperties) = preSolution
		HideSolutionNode = FALSE
	EndGlobalSection
	GlobalSection(ExtensibilityGlobals) = postSolution
		SolutionGuid = {878D8612-6732-4F38-910D-57BAEEABC776}
	EndGlobalSection
EndGlobal
