
Microsoft Visual Studio Solution File, Format Version 12.00
# Visual Studio 15
VisualStudioVersion = 15.0.27428.2005
MinimumVisualStudioVersion = 10.0.40219.1
Project("{FAE04EC0-301F-11D3-BF4B-00C04F79EFBC}") = "01.Dance Hall", "July 2017\01.Dance Hall.csproj", "{65740AD5-CB57-402B-9BCB-856139E3578B}"
EndProject
Project("{FAE04EC0-301F-11D3-BF4B-00C04F79EFBC}") = "02.Choreography", "02.Choreography\02.Choreography.csproj", "{2DF96B92-E0D3-4136-8222-F5F3226A92C6}"
EndProject
Project("{FAE04EC0-301F-11D3-BF4B-00C04F79EFBC}") = "03. Final Competition", "03. Final Competition\03. Final Competition.csproj", "{5F62A356-0C9D-41BA-8C76-0472B7EDA84E}"
EndProject
Project("{FAE04EC0-301F-11D3-BF4B-00C04F79EFBC}") = "04. Energy Loss", "04. Energy Loss\04. Energy Loss.csproj", "{E0F2E6DF-4FEA-4836-9A14-DEEE98AF9288}"
EndProject
Global
	GlobalSection(SolutionConfigurationPlatforms) = preSolution
		Debug|Any CPU = Debug|Any CPU
		Release|Any CPU = Release|Any CPU
	EndGlobalSection
	GlobalSection(ProjectConfigurationPlatforms) = postSolution
		{65740AD5-CB57-402B-9BCB-856139E3578B}.Debug|Any CPU.ActiveCfg = Debug|Any CPU
		{65740AD5-CB57-402B-9BCB-856139E3578B}.Debug|Any CPU.Build.0 = Debug|Any CPU
		{65740AD5-CB57-402B-9BCB-856139E3578B}.Release|Any CPU.ActiveCfg = Release|Any CPU
		{65740AD5-CB57-402B-9BCB-856139E3578B}.Release|Any CPU.Build.0 = Release|Any CPU
		{2DF96B92-E0D3-4136-8222-F5F3226A92C6}.Debug|Any CPU.ActiveCfg = Debug|Any CPU
		{2DF96B92-E0D3-4136-8222-F5F3226A92C6}.Debug|Any CPU.Build.0 = Debug|Any CPU
		{2DF96B92-E0D3-4136-8222-F5F3226A92C6}.Release|Any CPU.ActiveCfg = Release|Any CPU
		{2DF96B92-E0D3-4136-8222-F5F3226A92C6}.Release|Any CPU.Build.0 = Release|Any CPU
		{5F62A356-0C9D-41BA-8C76-0472B7EDA84E}.Debug|Any CPU.ActiveCfg = Debug|Any CPU
		{5F62A356-0C9D-41BA-8C76-0472B7EDA84E}.Debug|Any CPU.Build.0 = Debug|Any CPU
		{5F62A356-0C9D-41BA-8C76-0472B7EDA84E}.Release|Any CPU.ActiveCfg = Release|Any CPU
		{5F62A356-0C9D-41BA-8C76-0472B7EDA84E}.Release|Any CPU.Build.0 = Release|Any CPU
		{E0F2E6DF-4FEA-4836-9A14-DEEE98AF9288}.Debug|Any CPU.ActiveCfg = Debug|Any CPU
		{E0F2E6DF-4FEA-4836-9A14-DEEE98AF9288}.Debug|Any CPU.Build.0 = Debug|Any CPU
		{E0F2E6DF-4FEA-4836-9A14-DEEE98AF9288}.Release|Any CPU.ActiveCfg = Release|Any CPU
		{E0F2E6DF-4FEA-4836-9A14-DEEE98AF9288}.Release|Any CPU.Build.0 = Release|Any CPU
	EndGlobalSection
	GlobalSection(SolutionProperties) = preSolution
		HideSolutionNode = FALSE
	EndGlobalSection
	GlobalSection(ExtensibilityGlobals) = postSolution
		SolutionGuid = {67720DDD-67CD-4170-A430-C0E436F7868F}
	EndGlobalSection
EndGlobal
