
Microsoft Visual Studio Solution File, Format Version 12.00
# Visual Studio 15
VisualStudioVersion = 15.0.27428.2005
MinimumVisualStudioVersion = 10.0.40219.1
Project("{FAE04EC0-301F-11D3-BF4B-00C04F79EFBC}") = "01.Dance Hall", "July 2017\01.Dance Hall.csproj", "{65740AD5-CB57-402B-9BCB-856139E3578B}"
EndProject
Global
	GlobalSection(SolutionConfigurationPlatforms) = preSolution
		Debug|Any CPU = Debug|Any CPU
		Release|Any CPU = Release|Any CPU
	EndGlobalSection
	GlobalSection(ProjectConfigurationPlatforms) = postSolution
		{65740AD5-CB57-402B-9BCB-856139E3578B}.Debug|Any CPU.ActiveCfg = Debug|Any CPU
		{65740AD5-CB57-402B-9BCB-856139E3578B}.Debug|Any CPU.Build.0 = Debug|Any CPU
		{65740AD5-CB57-402B-9BCB-856139E3578B}.Release|Any CPU.ActiveCfg = Release|Any CPU
		{65740AD5-CB57-402B-9BCB-856139E3578B}.Release|Any CPU.Build.0 = Release|Any CPU
	EndGlobalSection
	GlobalSection(SolutionProperties) = preSolution
		HideSolutionNode = FALSE
	EndGlobalSection
	GlobalSection(ExtensibilityGlobals) = postSolution
		SolutionGuid = {67720DDD-67CD-4170-A430-C0E436F7868F}
	EndGlobalSection
EndGlobal
